// !$*UTF8*$!
{
	archiveVersion = 1;
	classes = {
	};
	objectVersion = 50;
	objects = {

/* Begin PBXBuildFile section */
		B32AC78720DEF24F008E6BBC /* ProductDetail.swift in Sources */ = {isa = PBXBuildFile; fileRef = B32AC78620DEF24F008E6BBC /* ProductDetail.swift */; };
		B32AC78920DF031F008E6BBC /* ProductDetailModelTests.swift in Sources */ = {isa = PBXBuildFile; fileRef = B32AC78820DF031F008E6BBC /* ProductDetailModelTests.swift */; };
		B32AC78B20DF051F008E6BBC /* productDetail.json in Resources */ = {isa = PBXBuildFile; fileRef = B32AC78A20DF051E008E6BBC /* productDetail.json */; };
		B3440ADE20DEBE330095BBCA /* AppDelegate.swift in Sources */ = {isa = PBXBuildFile; fileRef = B3440ADD20DEBE330095BBCA /* AppDelegate.swift */; };
		B3440AE520DEBE340095BBCA /* Assets.xcassets in Resources */ = {isa = PBXBuildFile; fileRef = B3440AE420DEBE340095BBCA /* Assets.xcassets */; };
		B3440AE820DEBE340095BBCA /* LaunchScreen.storyboard in Resources */ = {isa = PBXBuildFile; fileRef = B3440AE620DEBE340095BBCA /* LaunchScreen.storyboard */; };
		B3440AF320DEBE350095BBCA /* DishwashersTests.swift in Sources */ = {isa = PBXBuildFile; fileRef = B3440AF220DEBE350095BBCA /* DishwashersTests.swift */; };
		B3440B0B20DEC8090095BBCA /* Product.swift in Sources */ = {isa = PBXBuildFile; fileRef = B3440B0A20DEC8090095BBCA /* Product.swift */; };
		B3440B0D20DEC94E0095BBCA /* ProductPrice.swift in Sources */ = {isa = PBXBuildFile; fileRef = B3440B0C20DEC94E0095BBCA /* ProductPrice.swift */; };
		B3440B0F20DEC97B0095BBCA /* ProductModelTests.swift in Sources */ = {isa = PBXBuildFile; fileRef = B3440B0E20DEC97B0095BBCA /* ProductModelTests.swift */; };
/* End PBXBuildFile section */

/* Begin PBXContainerItemProxy section */
		B3440AEF20DEBE350095BBCA /* PBXContainerItemProxy */ = {
			isa = PBXContainerItemProxy;
			containerPortal = B3440AD220DEBE330095BBCA /* Project object */;
			proxyType = 1;
			remoteGlobalIDString = B3440AD920DEBE330095BBCA;
			remoteInfo = Dishwashers;
		};
/* End PBXContainerItemProxy section */

/* Begin PBXFileReference section */
		B32AC78620DEF24F008E6BBC /* ProductDetail.swift */ = {isa = PBXFileReference; lastKnownFileType = sourcecode.swift; path = ProductDetail.swift; sourceTree = "<group>"; };
		B32AC78820DF031F008E6BBC /* ProductDetailModelTests.swift */ = {isa = PBXFileReference; lastKnownFileType = sourcecode.swift; path = ProductDetailModelTests.swift; sourceTree = "<group>"; };
		B32AC78A20DF051E008E6BBC /* productDetail.json */ = {isa = PBXFileReference; fileEncoding = 4; lastKnownFileType = text.json; path = productDetail.json; sourceTree = "<group>"; };
		B3440ADA20DEBE330095BBCA /* Dishwashers.app */ = {isa = PBXFileReference; explicitFileType = wrapper.application; includeInIndex = 0; path = Dishwashers.app; sourceTree = BUILT_PRODUCTS_DIR; };
		B3440ADD20DEBE330095BBCA /* AppDelegate.swift */ = {isa = PBXFileReference; lastKnownFileType = sourcecode.swift; path = AppDelegate.swift; sourceTree = "<group>"; };
		B3440AE420DEBE340095BBCA /* Assets.xcassets */ = {isa = PBXFileReference; lastKnownFileType = folder.assetcatalog; path = Assets.xcassets; sourceTree = "<group>"; };
		B3440AE720DEBE340095BBCA /* Base */ = {isa = PBXFileReference; lastKnownFileType = file.storyboard; name = Base; path = Base.lproj/LaunchScreen.storyboard; sourceTree = "<group>"; };
		B3440AE920DEBE340095BBCA /* Info.plist */ = {isa = PBXFileReference; lastKnownFileType = text.plist.xml; path = Info.plist; sourceTree = "<group>"; };
		B3440AEE20DEBE350095BBCA /* DishwashersTests.xctest */ = {isa = PBXFileReference; explicitFileType = wrapper.cfbundle; includeInIndex = 0; path = DishwashersTests.xctest; sourceTree = BUILT_PRODUCTS_DIR; };
		B3440AF220DEBE350095BBCA /* DishwashersTests.swift */ = {isa = PBXFileReference; lastKnownFileType = sourcecode.swift; path = DishwashersTests.swift; sourceTree = "<group>"; };
		B3440AF420DEBE350095BBCA /* Info.plist */ = {isa = PBXFileReference; lastKnownFileType = text.plist.xml; path = Info.plist; sourceTree = "<group>"; };
		B3440B0A20DEC8090095BBCA /* Product.swift */ = {isa = PBXFileReference; lastKnownFileType = sourcecode.swift; path = Product.swift; sourceTree = "<group>"; };
		B3440B0C20DEC94E0095BBCA /* ProductPrice.swift */ = {isa = PBXFileReference; lastKnownFileType = sourcecode.swift; path = ProductPrice.swift; sourceTree = "<group>"; };
		B3440B0E20DEC97B0095BBCA /* ProductModelTests.swift */ = {isa = PBXFileReference; lastKnownFileType = sourcecode.swift; path = ProductModelTests.swift; sourceTree = "<group>"; };
/* End PBXFileReference section */

/* Begin PBXFrameworksBuildPhase section */
		B3440AD720DEBE330095BBCA /* Frameworks */ = {
			isa = PBXFrameworksBuildPhase;
			buildActionMask = 2147483647;
			files = (
			);
			runOnlyForDeploymentPostprocessing = 0;
		};
		B3440AEB20DEBE350095BBCA /* Frameworks */ = {
			isa = PBXFrameworksBuildPhase;
			buildActionMask = 2147483647;
			files = (
			);
			runOnlyForDeploymentPostprocessing = 0;
		};
/* End PBXFrameworksBuildPhase section */

/* Begin PBXGroup section */
		B3440AD120DEBE330095BBCA = {
			isa = PBXGroup;
			children = (
				B3440ADC20DEBE330095BBCA /* Dishwashers */,
				B3440AF120DEBE350095BBCA /* DishwashersTests */,
				B3440ADB20DEBE330095BBCA /* Products */,
			);
			sourceTree = "<group>";
		};
		B3440ADB20DEBE330095BBCA /* Products */ = {
			isa = PBXGroup;
			children = (
				B3440ADA20DEBE330095BBCA /* Dishwashers.app */,
				B3440AEE20DEBE350095BBCA /* DishwashersTests.xctest */,
			);
			name = Products;
			sourceTree = "<group>";
		};
		B3440ADC20DEBE330095BBCA /* Dishwashers */ = {
			isa = PBXGroup;
			children = (
				B3440B0920DEC5C50095BBCA /* Supporting Files */,
				B3440B0220DEC4990095BBCA /* Classes */,
			);
			path = Dishwashers;
			sourceTree = "<group>";
		};
		B3440AF120DEBE350095BBCA /* DishwashersTests */ = {
			isa = PBXGroup;
			children = (
				B3440B1020DEC9860095BBCA /* Product */,
				B3440AF220DEBE350095BBCA /* DishwashersTests.swift */,
				B3440AF420DEBE350095BBCA /* Info.plist */,
			);
			path = DishwashersTests;
			sourceTree = "<group>";
		};
		B3440B0220DEC4990095BBCA /* Classes */ = {
			isa = PBXGroup;
			children = (
				B3440B0720DEC5730095BBCA /* Core */,
				B3440B0620DEC5500095BBCA /* Model */,
				B3440B0520DEC5480095BBCA /* Network */,
				B3440B0320DEC4A00095BBCA /* Modules */,
			);
			path = Classes;
			sourceTree = "<group>";
		};
		B3440B0320DEC4A00095BBCA /* Modules */ = {
			isa = PBXGroup;
			children = (
				B3440B0820DEC5910095BBCA /* Product Detail Module */,
				B3440B0420DEC4A60095BBCA /* Product List Module */,
			);
			path = Modules;
			sourceTree = "<group>";
		};
		B3440B0420DEC4A60095BBCA /* Product List Module */ = {
			isa = PBXGroup;
			children = (
			);
			path = "Product List Module";
			sourceTree = "<group>";
		};
		B3440B0520DEC5480095BBCA /* Network */ = {
			isa = PBXGroup;
			children = (
			);
			path = Network;
			sourceTree = "<group>";
		};
		B3440B0620DEC5500095BBCA /* Model */ = {
			isa = PBXGroup;
			children = (
				B3440B0A20DEC8090095BBCA /* Product.swift */,
				B3440B0C20DEC94E0095BBCA /* ProductPrice.swift */,
				B32AC78620DEF24F008E6BBC /* ProductDetail.swift */,
			);
			path = Model;
			sourceTree = "<group>";
		};
		B3440B0720DEC5730095BBCA /* Core */ = {
			isa = PBXGroup;
			children = (
				B3440ADD20DEBE330095BBCA /* AppDelegate.swift */,
			);
			path = Core;
			sourceTree = "<group>";
		};
		B3440B0820DEC5910095BBCA /* Product Detail Module */ = {
			isa = PBXGroup;
			children = (
			);
			path = "Product Detail Module";
			sourceTree = "<group>";
		};
		B3440B0920DEC5C50095BBCA /* Supporting Files */ = {
			isa = PBXGroup;
			children = (
				B3440AE420DEBE340095BBCA /* Assets.xcassets */,
				B3440AE620DEBE340095BBCA /* LaunchScreen.storyboard */,
				B3440AE920DEBE340095BBCA /* Info.plist */,
			);
			path = "Supporting Files";
			sourceTree = "<group>";
		};
		B3440B1020DEC9860095BBCA /* Product */ = {
			isa = PBXGroup;
			children = (
				B32AC78A20DF051E008E6BBC /* productDetail.json */,
				B3440B0E20DEC97B0095BBCA /* ProductModelTests.swift */,
				B32AC78820DF031F008E6BBC /* ProductDetailModelTests.swift */,
			);
			path = Product;
			sourceTree = "<group>";
		};
/* End PBXGroup section */

/* Begin PBXNativeTarget section */
		B3440AD920DEBE330095BBCA /* Dishwashers */ = {
			isa = PBXNativeTarget;
			buildConfigurationList = B3440AF720DEBE350095BBCA /* Build configuration list for PBXNativeTarget "Dishwashers" */;
			buildPhases = (
				B3440AD620DEBE330095BBCA /* Sources */,
				B3440AD720DEBE330095BBCA /* Frameworks */,
				B3440AD820DEBE330095BBCA /* Resources */,
			);
			buildRules = (
			);
			dependencies = (
			);
			name = Dishwashers;
			productName = Dishwashers;
			productReference = B3440ADA20DEBE330095BBCA /* Dishwashers.app */;
			productType = "com.apple.product-type.application";
		};
		B3440AED20DEBE350095BBCA /* DishwashersTests */ = {
			isa = PBXNativeTarget;
			buildConfigurationList = B3440AFA20DEBE350095BBCA /* Build configuration list for PBXNativeTarget "DishwashersTests" */;
			buildPhases = (
				B3440AEA20DEBE350095BBCA /* Sources */,
				B3440AEB20DEBE350095BBCA /* Frameworks */,
				B3440AEC20DEBE350095BBCA /* Resources */,
			);
			buildRules = (
			);
			dependencies = (
				B3440AF020DEBE350095BBCA /* PBXTargetDependency */,
			);
			name = DishwashersTests;
			productName = DishwashersTests;
			productReference = B3440AEE20DEBE350095BBCA /* DishwashersTests.xctest */;
			productType = "com.apple.product-type.bundle.unit-test";
		};
/* End PBXNativeTarget section */

/* Begin PBXProject section */
		B3440AD220DEBE330095BBCA /* Project object */ = {
			isa = PBXProject;
			attributes = {
				LastSwiftUpdateCheck = 0940;
				LastUpgradeCheck = 0940;
				ORGANIZATIONNAME = doubletap;
				TargetAttributes = {
					B3440AD920DEBE330095BBCA = {
						CreatedOnToolsVersion = 9.4.1;
					};
					B3440AED20DEBE350095BBCA = {
						CreatedOnToolsVersion = 9.4.1;
						TestTargetID = B3440AD920DEBE330095BBCA;
					};
				};
			};
			buildConfigurationList = B3440AD520DEBE330095BBCA /* Build configuration list for PBXProject "Dishwashers" */;
			compatibilityVersion = "Xcode 9.3";
			developmentRegion = en;
			hasScannedForEncodings = 0;
			knownRegions = (
				en,
				Base,
			);
			mainGroup = B3440AD120DEBE330095BBCA;
			productRefGroup = B3440ADB20DEBE330095BBCA /* Products */;
			projectDirPath = "";
			projectRoot = "";
			targets = (
				B3440AD920DEBE330095BBCA /* Dishwashers */,
				B3440AED20DEBE350095BBCA /* DishwashersTests */,
			);
		};
/* End PBXProject section */

/* Begin PBXResourcesBuildPhase section */
		B3440AD820DEBE330095BBCA /* Resources */ = {
			isa = PBXResourcesBuildPhase;
			buildActionMask = 2147483647;
			files = (
				B3440AE820DEBE340095BBCA /* LaunchScreen.storyboard in Resources */,
				B3440AE520DEBE340095BBCA /* Assets.xcassets in Resources */,
			);
			runOnlyForDeploymentPostprocessing = 0;
		};
		B3440AEC20DEBE350095BBCA /* Resources */ = {
			isa = PBXResourcesBuildPhase;
			buildActionMask = 2147483647;
			files = (
				B32AC78B20DF051F008E6BBC /* productDetail.json in Resources */,
			);
			runOnlyForDeploymentPostprocessing = 0;
		};
/* End PBXResourcesBuildPhase section */

/* Begin PBXSourcesBuildPhase section */
		B3440AD620DEBE330095BBCA /* Sources */ = {
			isa = PBXSourcesBuildPhase;
			buildActionMask = 2147483647;
			files = (
				B3440ADE20DEBE330095BBCA /* AppDelegate.swift in Sources */,
				B3440B0B20DEC8090095BBCA /* Product.swift in Sources */,
				B32AC78720DEF24F008E6BBC /* ProductDetail.swift in Sources */,
				B3440B0D20DEC94E0095BBCA /* ProductPrice.swift in Sources */,
			);
			runOnlyForDeploymentPostprocessing = 0;
		};
		B3440AEA20DEBE350095BBCA /* Sources */ = {
			isa = PBXSourcesBuildPhase;
			buildActionMask = 2147483647;
			files = (
				B32AC78920DF031F008E6BBC /* ProductDetailModelTests.swift in Sources */,
				B3440AF320DEBE350095BBCA /* DishwashersTests.swift in Sources */,
				B3440B0F20DEC97B0095BBCA /* ProductModelTests.swift in Sources */,
			);
			runOnlyForDeploymentPostprocessing = 0;
		};
/* End PBXSourcesBuildPhase section */

/* Begin PBXTargetDependency section */
		B3440AF020DEBE350095BBCA /* PBXTargetDependency */ = {
			isa = PBXTargetDependency;
			target = B3440AD920DEBE330095BBCA /* Dishwashers */;
			targetProxy = B3440AEF20DEBE350095BBCA /* PBXContainerItemProxy */;
		};
/* End PBXTargetDependency section */

/* Begin PBXVariantGroup section */
		B3440AE620DEBE340095BBCA /* LaunchScreen.storyboard */ = {
			isa = PBXVariantGroup;
			children = (
				B3440AE720DEBE340095BBCA /* Base */,
			);
			name = LaunchScreen.storyboard;
			sourceTree = "<group>";
		};
/* End PBXVariantGroup section */

/* Begin XCBuildConfiguration section */
		B3440AF520DEBE350095BBCA /* Debug */ = {
			isa = XCBuildConfiguration;
			buildSettings = {
				ALWAYS_SEARCH_USER_PATHS = NO;
				CLANG_ANALYZER_NONNULL = YES;
				CLANG_ANALYZER_NUMBER_OBJECT_CONVERSION = YES_AGGRESSIVE;
				CLANG_CXX_LANGUAGE_STANDARD = "gnu++14";
				CLANG_CXX_LIBRARY = "libc++";
				CLANG_ENABLE_MODULES = YES;
				CLANG_ENABLE_OBJC_ARC = YES;
				CLANG_ENABLE_OBJC_WEAK = YES;
				CLANG_WARN_BLOCK_CAPTURE_AUTORELEASING = YES;
				CLANG_WARN_BOOL_CONVERSION = YES;
				CLANG_WARN_COMMA = YES;
				CLANG_WARN_CONSTANT_CONVERSION = YES;
				CLANG_WARN_DEPRECATED_OBJC_IMPLEMENTATIONS = YES;
				CLANG_WARN_DIRECT_OBJC_ISA_USAGE = YES_ERROR;
				CLANG_WARN_DOCUMENTATION_COMMENTS = YES;
				CLANG_WARN_EMPTY_BODY = YES;
				CLANG_WARN_ENUM_CONVERSION = YES;
				CLANG_WARN_INFINITE_RECURSION = YES;
				CLANG_WARN_INT_CONVERSION = YES;
				CLANG_WARN_NON_LITERAL_NULL_CONVERSION = YES;
				CLANG_WARN_OBJC_IMPLICIT_RETAIN_SELF = YES;
				CLANG_WARN_OBJC_LITERAL_CONVERSION = YES;
				CLANG_WARN_OBJC_ROOT_CLASS = YES_ERROR;
				CLANG_WARN_RANGE_LOOP_ANALYSIS = YES;
				CLANG_WARN_STRICT_PROTOTYPES = YES;
				CLANG_WARN_SUSPICIOUS_MOVE = YES;
				CLANG_WARN_UNGUARDED_AVAILABILITY = YES_AGGRESSIVE;
				CLANG_WARN_UNREACHABLE_CODE = YES;
				CLANG_WARN__DUPLICATE_METHOD_MATCH = YES;
				CODE_SIGN_IDENTITY = "iPhone Developer";
				COPY_PHASE_STRIP = NO;
				DEBUG_INFORMATION_FORMAT = dwarf;
				ENABLE_STRICT_OBJC_MSGSEND = YES;
				ENABLE_TESTABILITY = YES;
				GCC_C_LANGUAGE_STANDARD = gnu11;
				GCC_DYNAMIC_NO_PIC = NO;
				GCC_NO_COMMON_BLOCKS = YES;
				GCC_OPTIMIZATION_LEVEL = 0;
				GCC_PREPROCESSOR_DEFINITIONS = (
					"DEBUG=1",
					"$(inherited)",
				);
				GCC_WARN_64_TO_32_BIT_CONVERSION = YES;
				GCC_WARN_ABOUT_RETURN_TYPE = YES_ERROR;
				GCC_WARN_UNDECLARED_SELECTOR = YES;
				GCC_WARN_UNINITIALIZED_AUTOS = YES_AGGRESSIVE;
				GCC_WARN_UNUSED_FUNCTION = YES;
				GCC_WARN_UNUSED_VARIABLE = YES;
				IPHONEOS_DEPLOYMENT_TARGET = 11.4;
				MTL_ENABLE_DEBUG_INFO = YES;
				ONLY_ACTIVE_ARCH = YES;
				SDKROOT = iphoneos;
				SWIFT_ACTIVE_COMPILATION_CONDITIONS = DEBUG;
				SWIFT_OPTIMIZATION_LEVEL = "-Onone";
			};
			name = Debug;
		};
		B3440AF620DEBE350095BBCA /* Release */ = {
			isa = XCBuildConfiguration;
			buildSettings = {
				ALWAYS_SEARCH_USER_PATHS = NO;
				CLANG_ANALYZER_NONNULL = YES;
				CLANG_ANALYZER_NUMBER_OBJECT_CONVERSION = YES_AGGRESSIVE;
				CLANG_CXX_LANGUAGE_STANDARD = "gnu++14";
				CLANG_CXX_LIBRARY = "libc++";
				CLANG_ENABLE_MODULES = YES;
				CLANG_ENABLE_OBJC_ARC = YES;
				CLANG_ENABLE_OBJC_WEAK = YES;
				CLANG_WARN_BLOCK_CAPTURE_AUTORELEASING = YES;
				CLANG_WARN_BOOL_CONVERSION = YES;
				CLANG_WARN_COMMA = YES;
				CLANG_WARN_CONSTANT_CONVERSION = YES;
				CLANG_WARN_DEPRECATED_OBJC_IMPLEMENTATIONS = YES;
				CLANG_WARN_DIRECT_OBJC_ISA_USAGE = YES_ERROR;
				CLANG_WARN_DOCUMENTATION_COMMENTS = YES;
				CLANG_WARN_EMPTY_BODY = YES;
				CLANG_WARN_ENUM_CONVERSION = YES;
				CLANG_WARN_INFINITE_RECURSION = YES;
				CLANG_WARN_INT_CONVERSION = YES;
				CLANG_WARN_NON_LITERAL_NULL_CONVERSION = YES;
				CLANG_WARN_OBJC_IMPLICIT_RETAIN_SELF = YES;
				CLANG_WARN_OBJC_LITERAL_CONVERSION = YES;
				CLANG_WARN_OBJC_ROOT_CLASS = YES_ERROR;
				CLANG_WARN_RANGE_LOOP_ANALYSIS = YES;
				CLANG_WARN_STRICT_PROTOTYPES = YES;
				CLANG_WARN_SUSPICIOUS_MOVE = YES;
				CLANG_WARN_UNGUARDED_AVAILABILITY = YES_AGGRESSIVE;
				CLANG_WARN_UNREACHABLE_CODE = YES;
				CLANG_WARN__DUPLICATE_METHOD_MATCH = YES;
				CODE_SIGN_IDENTITY = "iPhone Developer";
				COPY_PHASE_STRIP = NO;
				DEBUG_INFORMATION_FORMAT = "dwarf-with-dsym";
				ENABLE_NS_ASSERTIONS = NO;
				ENABLE_STRICT_OBJC_MSGSEND = YES;
				GCC_C_LANGUAGE_STANDARD = gnu11;
				GCC_NO_COMMON_BLOCKS = YES;
				GCC_WARN_64_TO_32_BIT_CONVERSION = YES;
				GCC_WARN_ABOUT_RETURN_TYPE = YES_ERROR;
				GCC_WARN_UNDECLARED_SELECTOR = YES;
				GCC_WARN_UNINITIALIZED_AUTOS = YES_AGGRESSIVE;
				GCC_WARN_UNUSED_FUNCTION = YES;
				GCC_WARN_UNUSED_VARIABLE = YES;
				IPHONEOS_DEPLOYMENT_TARGET = 11.4;
				MTL_ENABLE_DEBUG_INFO = NO;
				SDKROOT = iphoneos;
				SWIFT_COMPILATION_MODE = wholemodule;
				SWIFT_OPTIMIZATION_LEVEL = "-O";
				VALIDATE_PRODUCT = YES;
			};
			name = Release;
		};
		B3440AF820DEBE350095BBCA /* Debug */ = {
			isa = XCBuildConfiguration;
			buildSettings = {
				ASSETCATALOG_COMPILER_APPICON_NAME = AppIcon;
				CODE_SIGN_STYLE = Automatic;
				INFOPLIST_FILE = "$(SRCROOT)/Dishwashers/Supporting Files/Info.plist";
				IPHONEOS_DEPLOYMENT_TARGET = 11.0;
				LD_RUNPATH_SEARCH_PATHS = (
					"$(inherited)",
					"@executable_path/Frameworks",
				);
				PRODUCT_BUNDLE_IDENTIFIER = doubletap.Dishwashers;
				PRODUCT_NAME = "$(TARGET_NAME)";
				SWIFT_VERSION = 4.0;
				TARGETED_DEVICE_FAMILY = "1,2";
			};
			name = Debug;
		};
		B3440AF920DEBE350095BBCA /* Release */ = {
			isa = XCBuildConfiguration;
			buildSettings = {
				ASSETCATALOG_COMPILER_APPICON_NAME = AppIcon;
				CODE_SIGN_STYLE = Automatic;
				INFOPLIST_FILE = "$(SRCROOT)/Dishwashers/Supporting Files/Info.plist";
				IPHONEOS_DEPLOYMENT_TARGET = 11.0;
				LD_RUNPATH_SEARCH_PATHS = (
					"$(inherited)",
					"@executable_path/Frameworks",
				);
				PRODUCT_BUNDLE_IDENTIFIER = doubletap.Dishwashers;
				PRODUCT_NAME = "$(TARGET_NAME)";
				SWIFT_VERSION = 4.0;
				TARGETED_DEVICE_FAMILY = "1,2";
			};
			name = Release;
		};
		B3440AFB20DEBE350095BBCA /* Debug */ = {
			isa = XCBuildConfiguration;
			buildSettings = {
				ALWAYS_EMBED_SWIFT_STANDARD_LIBRARIES = YES;
				BUNDLE_LOADER = "$(TEST_HOST)";
				CODE_SIGN_STYLE = Automatic;
				INFOPLIST_FILE = DishwashersTests/Info.plist;
				LD_RUNPATH_SEARCH_PATHS = (
					"$(inherited)",
					"@executable_path/Frameworks",
					"@loader_path/Frameworks",
				);
				PRODUCT_BUNDLE_IDENTIFIER = doubletap.DishwashersTests;
				PRODUCT_NAME = "$(TARGET_NAME)";
				SWIFT_VERSION = 4.0;
				TARGETED_DEVICE_FAMILY = "1,2";
				TEST_HOST = "$(BUILT_PRODUCTS_DIR)/Dishwashers.app/Dishwashers";
			};
			name = Debug;
		};
		B3440AFC20DEBE350095BBCA /* Release */ = {
			isa = XCBuildConfiguration;
			buildSettings = {
				ALWAYS_EMBED_SWIFT_STANDARD_LIBRARIES = YES;
				BUNDLE_LOADER = "$(TEST_HOST)";
				CODE_SIGN_STYLE = Automatic;
				INFOPLIST_FILE = DishwashersTests/Info.plist;
				LD_RUNPATH_SEARCH_PATHS = (
					"$(inherited)",
					"@executable_path/Frameworks",
					"@loader_path/Frameworks",
				);
				PRODUCT_BUNDLE_IDENTIFIER = doubletap.DishwashersTests;
				PRODUCT_NAME = "$(TARGET_NAME)";
				SWIFT_VERSION = 4.0;
				TARGETED_DEVICE_FAMILY = "1,2";
				TEST_HOST = "$(BUILT_PRODUCTS_DIR)/Dishwashers.app/Dishwashers";
			};
			name = Release;
		};
/* End XCBuildConfiguration section */

/* Begin XCConfigurationList section */
		B3440AD520DEBE330095BBCA /* Build configuration list for PBXProject "Dishwashers" */ = {
			isa = XCConfigurationList;
			buildConfigurations = (
				B3440AF520DEBE350095BBCA /* Debug */,
				B3440AF620DEBE350095BBCA /* Release */,
			);
			defaultConfigurationIsVisible = 0;
			defaultConfigurationName = Release;
		};
		B3440AF720DEBE350095BBCA /* Build configuration list for PBXNativeTarget "Dishwashers" */ = {
			isa = XCConfigurationList;
			buildConfigurations = (
				B3440AF820DEBE350095BBCA /* Debug */,
				B3440AF920DEBE350095BBCA /* Release */,
			);
			defaultConfigurationIsVisible = 0;
			defaultConfigurationName = Release;
		};
		B3440AFA20DEBE350095BBCA /* Build configuration list for PBXNativeTarget "DishwashersTests" */ = {
			isa = XCConfigurationList;
			buildConfigurations = (
				B3440AFB20DEBE350095BBCA /* Debug */,
				B3440AFC20DEBE350095BBCA /* Release */,
			);
			defaultConfigurationIsVisible = 0;
			defaultConfigurationName = Release;
		};
/* End XCConfigurationList section */
	};
	rootObject = B3440AD220DEBE330095BBCA /* Project object */;
}
